
Microsoft Visual Studio Solution File, Format Version 12.00
# Visual Studio 15
Project("{FAE04EC0-301F-11D3-BF4B-00C04F79EFBC}") = "Assembly-CSharp", "Assembly-CSharp.csproj", "{424BEBA2-07C0-B9FA-9A4A-510D8B8CD523}"
EndProject
Project("{FAE04EC0-301F-11D3-BF4B-00C04F79EFBC}") = "Assembly-CSharp-Editor", "Assembly-CSharp-Editor.csproj", "{23624CEF-7D13-56D5-92FE-6C80D63858A6}"
EndProject
Global
	GlobalSection(SolutionConfigurationPlatforms) = preSolution
		Debug|Any CPU = Debug|Any CPU
		Release|Any CPU = Release|Any CPU
	EndGlobalSection
	GlobalSection(ProjectConfigurationPlatforms) = postSolution
		{424BEBA2-07C0-B9FA-9A4A-510D8B8CD523}.Debug|Any CPU.ActiveCfg = Debug|Any CPU
		{424BEBA2-07C0-B9FA-9A4A-510D8B8CD523}.Debug|Any CPU.Build.0 = Debug|Any CPU
		{424BEBA2-07C0-B9FA-9A4A-510D8B8CD523}.Release|Any CPU.ActiveCfg = Release|Any CPU
		{424BEBA2-07C0-B9FA-9A4A-510D8B8CD523}.Release|Any CPU.Build.0 = Release|Any CPU
		{23624CEF-7D13-56D5-92FE-6C80D63858A6}.Debug|Any CPU.ActiveCfg = Debug|Any CPU
		{23624CEF-7D13-56D5-92FE-6C80D63858A6}.Debug|Any CPU.Build.0 = Debug|Any CPU
		{23624CEF-7D13-56D5-92FE-6C80D63858A6}.Release|Any CPU.ActiveCfg = Release|Any CPU
		{23624CEF-7D13-56D5-92FE-6C80D63858A6}.Release|Any CPU.Build.0 = Release|Any CPU
	EndGlobalSection
	GlobalSection(SolutionProperties) = preSolution
		HideSolutionNode = FALSE
	EndGlobalSection
EndGlobal
